
Microsoft Visual Studio Solution File, Format Version 12.00
# Visual Studio Version 17
VisualStudioVersion = 17.11.34929.205
MinimumVisualStudioVersion = 10.0.40219.1
Project("{FAE04EC0-301F-11D3-BF4B-00C04F79EFBC}") = "AIDemoLibrary", "AIDemoLibrary\AIDemoLibrary.csproj", "{655B5582-3527-49A8-94D1-6B19F926F108}"
EndProject
Global
	GlobalSection(SolutionConfigurationPlatforms) = preSolution
		Debug|Any CPU = Debug|Any CPU
		Release|Any CPU = Release|Any CPU
	EndGlobalSection
	GlobalSection(ProjectConfigurationPlatforms) = postSolution
		{655B5582-3527-49A8-94D1-6B19F926F108}.Debug|Any CPU.ActiveCfg = Debug|Any CPU
		{655B5582-3527-49A8-94D1-6B19F926F108}.Debug|Any CPU.Build.0 = Debug|Any CPU
		{655B5582-3527-49A8-94D1-6B19F926F108}.Release|Any CPU.ActiveCfg = Release|Any CPU
		{655B5582-3527-49A8-94D1-6B19F926F108}.Release|Any CPU.Build.0 = Release|Any CPU
	EndGlobalSection
	GlobalSection(SolutionProperties) = preSolution
		HideSolutionNode = FALSE
	EndGlobalSection
	GlobalSection(ExtensibilityGlobals) = postSolution
		SolutionGuid = {E8350D5A-4A88-4C6D-95F9-C68CF30848C5}
	EndGlobalSection
EndGlobal
